<?xml version="1.0" encoding="utf-8"?>
<Project ToolsVersion="4.0" xmlns="http://schemas.microsoft.com/developer/msbuild/2003">
  <ItemGroup>
    <Filter Include="Source Files">
      <UniqueIdentifier>{4FC737F1-C7A5-4376-A066-2A32D752A2FF}</UniqueIdentifier>
      <Extensions>cpp;c;cc;cxx;c++;def;odl;idl;hpj;bat;asm;asmx</Extensions>
    </Filter>
    <Filter Include="Header Files">
      <UniqueIdentifier>{93995380-89BD-4b04-88EB-625FBE52EBFB}</UniqueIdentifier>
      <Extensions>h;hh;hpp;hxx;h++;hm;inl;inc;ipp;xsd</Extensions>
    </Filter>
    <Filter Include="Resource Files">
      <UniqueIdentifier>{67DA6AB6-F800-4c08-8B7A-83BB121AAD01}</UniqueIdentifier>
      <Extensions>rc;ico;cur;bmp;dlg;rc2;rct;bin;rgs;gif;jpg;jpeg;jpe;resx;tiff;tif;png;wav;mfcribbon-ms</Extensions>
    </Filter>
  </ItemGroup>
  <ItemGroup>
    <ClCompile Include="mapreduce_common.grpc.pb.cc">
      <Filter>Source Files</Filter>
    </ClCompile>
    <ClCompile Include="mapreduce_common.pb.cc">
      <Filter>Source Files</Filter>
    </ClCompile>
    <ClCompile Include="mapreducemaster.grpc.pb.cc">
      <Filter>Source Files</Filter>
    </ClCompile>
    <ClCompile Include="mapreducemaster.pb.cc">
      <Filter>Source Files</Filter>
    </ClCompile>
    <ClCompile Include="mapreduceworker.grpc.pb.cc">
      <Filter>Source Files</Filter>
    </ClCompile>
    <ClCompile Include="mapreduceworker.pb.cc">
      <Filter>Source Files</Filter>
    </ClCompile>
    <ClCompile Include="google\api\annotations.pb.cc">
      <Filter>Source Files</Filter>
    </ClCompile>
    <ClCompile Include="google\api\annotations.grpc.pb.cc">
      <Filter>Source Files</Filter>
    </ClCompile>
    <ClCompile Include="google\api\http.grpc.pb.cc">
      <Filter>Source Files</Filter>
    </ClCompile>
    <ClCompile Include="google\api\http.pb.cc">
      <Filter>Source Files</Filter>
    </ClCompile>
    <ClCompile Include="google\api\httpbody.grpc.pb.cc">
      <Filter>Source Files</Filter>
    </ClCompile>
    <ClCompile Include="google\api\httpbody.pb.cc">
      <Filter>Source Files</Filter>
    </ClCompile>
  </ItemGroup>
  <ItemGroup>
    <ClInclude Include="mapreduce_common.grpc.pb.h">
      <Filter>Header Files</Filter>
    </ClInclude>
    <ClInclude Include="mapreduce_common.pb.h">
      <Filter>Header Files</Filter>
    </ClInclude>
    <ClInclude Include="mapreducemaster.grpc.pb.h">
      <Filter>Header Files</Filter>
    </ClInclude>
    <ClInclude Include="mapreducemaster.pb.h">
      <Filter>Header Files</Filter>
    </ClInclude>
    <ClInclude Include="mapreduceworker.grpc.pb.h">
      <Filter>Header Files</Filter>
    </ClInclude>
    <ClInclude Include="mapreduceworker.pb.h">
      <Filter>Header Files</Filter>
    </ClInclude>
    <ClInclude Include="google\api\annotations.pb.h">
      <Filter>Header Files</Filter>
    </ClInclude>
    <ClInclude Include="google\api\annotations.grpc.pb.h">
      <Filter>Header Files</Filter>
    </ClInclude>
    <ClInclude Include="google\api\http.grpc.pb.h">
      <Filter>Header Files</Filter>
    </ClInclude>
    <ClInclude Include="google\api\http.pb.h">
      <Filter>Header Files</Filter>
    </ClInclude>
    <ClInclude Include="google\api\httpbody.grpc.pb.h">
      <Filter>Header Files</Filter>
    </ClInclude>
    <ClInclude Include="google\api\httpbody.pb.h">
      <Filter>Header Files</Filter>
    </ClInclude>
  </ItemGroup>
</Project>